
Microsoft Visual Studio Solution File, Format Version 12.00
# Visual Studio Version 17
VisualStudioVersion = 17.10.34818.151
MinimumVisualStudioVersion = 10.0.40219.1
Project("{9A19103F-16F7-4668-BE54-9A1E7A4F7556}") = "GarnetServer", "GarnetServer\GarnetServer.csproj", "{9C91EDB8-F4EC-4FBC-9888-85E96562622F}"
EndProject
Project("{FAE04EC0-301F-11D3-BF4B-00C04F79EFBC}") = "GarnetClient", "GarnetClient\GarnetClient.csproj", "{BB8BEE8D-77F6-4F25-8D7E-105AEA67F7A2}"
EndProject
Global
	GlobalSection(SolutionConfigurationPlatforms) = preSolution
		Debug|Any CPU = Debug|Any CPU
		Release|Any CPU = Release|Any CPU
	EndGlobalSection
	GlobalSection(ProjectConfigurationPlatforms) = postSolution
		{9C91EDB8-F4EC-4FBC-9888-85E96562622F}.Debug|Any CPU.ActiveCfg = Debug|Any CPU
		{9C91EDB8-F4EC-4FBC-9888-85E96562622F}.Debug|Any CPU.Build.0 = Debug|Any CPU
		{9C91EDB8-F4EC-4FBC-9888-85E96562622F}.Release|Any CPU.ActiveCfg = Release|Any CPU
		{9C91EDB8-F4EC-4FBC-9888-85E96562622F}.Release|Any CPU.Build.0 = Release|Any CPU
		{BB8BEE8D-77F6-4F25-8D7E-105AEA67F7A2}.Debug|Any CPU.ActiveCfg = Debug|Any CPU
		{BB8BEE8D-77F6-4F25-8D7E-105AEA67F7A2}.Debug|Any CPU.Build.0 = Debug|Any CPU
		{BB8BEE8D-77F6-4F25-8D7E-105AEA67F7A2}.Release|Any CPU.ActiveCfg = Release|Any CPU
		{BB8BEE8D-77F6-4F25-8D7E-105AEA67F7A2}.Release|Any CPU.Build.0 = Release|Any CPU
	EndGlobalSection
	GlobalSection(SolutionProperties) = preSolution
		HideSolutionNode = FALSE
	EndGlobalSection
	GlobalSection(ExtensibilityGlobals) = postSolution
		SolutionGuid = {DBE59AF5-8C6F-47B6-A7C8-81C6B12C5853}
	EndGlobalSection
EndGlobal
